
Microsoft Visual Studio Solution File, Format Version 12.00
# Visual Studio 15
VisualStudioVersion = 15.0.28307.271
MinimumVisualStudioVersion = 10.0.40219.1
Project("{FAE04EC0-301F-11D3-BF4B-00C04F79EFBC}") = "BookTime.Android", "BookTime\BookTime.Android\BookTime.Android.csproj", "{7C187FE9-3ADD-4954-A893-F52F45B64C5A}"
EndProject
Project("{9A19103F-16F7-4668-BE54-9A1E7A4F7556}") = "BookTime", "BookTime\BookTime\BookTime.csproj", "{9D74AFF5-DA43-441E-81F0-CFD39925C6C4}"
EndProject
Global
	GlobalSection(SolutionConfigurationPlatforms) = preSolution
		Debug|Any CPU = Debug|Any CPU
		Release|Any CPU = Release|Any CPU
	EndGlobalSection
	GlobalSection(ProjectConfigurationPlatforms) = postSolution
		{7C187FE9-3ADD-4954-A893-F52F45B64C5A}.Debug|Any CPU.ActiveCfg = Debug|Any CPU
		{7C187FE9-3ADD-4954-A893-F52F45B64C5A}.Debug|Any CPU.Build.0 = Debug|Any CPU
		{7C187FE9-3ADD-4954-A893-F52F45B64C5A}.Debug|Any CPU.Deploy.0 = Debug|Any CPU
		{7C187FE9-3ADD-4954-A893-F52F45B64C5A}.Release|Any CPU.ActiveCfg = Release|Any CPU
		{7C187FE9-3ADD-4954-A893-F52F45B64C5A}.Release|Any CPU.Build.0 = Release|Any CPU
		{7C187FE9-3ADD-4954-A893-F52F45B64C5A}.Release|Any CPU.Deploy.0 = Release|Any CPU
		{9D74AFF5-DA43-441E-81F0-CFD39925C6C4}.Debug|Any CPU.ActiveCfg = Debug|Any CPU
		{9D74AFF5-DA43-441E-81F0-CFD39925C6C4}.Debug|Any CPU.Build.0 = Debug|Any CPU
		{9D74AFF5-DA43-441E-81F0-CFD39925C6C4}.Debug|Any CPU.Deploy.0 = Debug|Any CPU
		{9D74AFF5-DA43-441E-81F0-CFD39925C6C4}.Release|Any CPU.ActiveCfg = Release|Any CPU
		{9D74AFF5-DA43-441E-81F0-CFD39925C6C4}.Release|Any CPU.Build.0 = Release|Any CPU
		{9D74AFF5-DA43-441E-81F0-CFD39925C6C4}.Release|Any CPU.Deploy.0 = Release|Any CPU
	EndGlobalSection
	GlobalSection(SolutionProperties) = preSolution
		HideSolutionNode = FALSE
	EndGlobalSection
	GlobalSection(ExtensibilityGlobals) = postSolution
		SolutionGuid = {0B976292-41F8-44B7-A814-7FDF15F19A11}
	EndGlobalSection
EndGlobal
